
Microsoft Visual Studio Solution File, Format Version 12.00
# Visual Studio Version 17
VisualStudioVersion = 17.13.35818.85
MinimumVisualStudioVersion = 10.0.40219.1
Project("{FAE04EC0-301F-11D3-BF4B-00C04F79EFBC}") = "WebApplication2", "WebApplication2.csproj", "{73D59974-7984-49AF-A1D3-B20414A753AF}"
EndProject
Project("{FAE04EC0-301F-11D3-BF4B-00C04F79EFBC}") = "Repository", "..\Repository\Repository.csproj", "{EAEC6676-BDBF-4C15-95BE-B856F2C222DB}"
EndProject
Project("{FAE04EC0-301F-11D3-BF4B-00C04F79EFBC}") = "IRepository", "..\IRepository\IRepository.csproj", "{661C2CCF-E641-4FC3-93E2-97DA5BA255BA}"
EndProject
Project("{FAE04EC0-301F-11D3-BF4B-00C04F79EFBC}") = "Model", "..\Model\Model.csproj", "{CBFFC7F4-9B08-4B51-AC98-FBF45BFD2E41}"
EndProject
Global
	GlobalSection(SolutionConfigurationPlatforms) = preSolution
		Debug|Any CPU = Debug|Any CPU
		Release|Any CPU = Release|Any CPU
	EndGlobalSection
	GlobalSection(ProjectConfigurationPlatforms) = postSolution
		{73D59974-7984-49AF-A1D3-B20414A753AF}.Debug|Any CPU.ActiveCfg = Debug|Any CPU
		{73D59974-7984-49AF-A1D3-B20414A753AF}.Debug|Any CPU.Build.0 = Debug|Any CPU
		{73D59974-7984-49AF-A1D3-B20414A753AF}.Release|Any CPU.ActiveCfg = Release|Any CPU
		{73D59974-7984-49AF-A1D3-B20414A753AF}.Release|Any CPU.Build.0 = Release|Any CPU
		{EAEC6676-BDBF-4C15-95BE-B856F2C222DB}.Debug|Any CPU.ActiveCfg = Debug|Any CPU
		{EAEC6676-BDBF-4C15-95BE-B856F2C222DB}.Debug|Any CPU.Build.0 = Debug|Any CPU
		{EAEC6676-BDBF-4C15-95BE-B856F2C222DB}.Release|Any CPU.ActiveCfg = Release|Any CPU
		{EAEC6676-BDBF-4C15-95BE-B856F2C222DB}.Release|Any CPU.Build.0 = Release|Any CPU
		{661C2CCF-E641-4FC3-93E2-97DA5BA255BA}.Debug|Any CPU.ActiveCfg = Debug|Any CPU
		{661C2CCF-E641-4FC3-93E2-97DA5BA255BA}.Debug|Any CPU.Build.0 = Debug|Any CPU
		{661C2CCF-E641-4FC3-93E2-97DA5BA255BA}.Release|Any CPU.ActiveCfg = Release|Any CPU
		{661C2CCF-E641-4FC3-93E2-97DA5BA255BA}.Release|Any CPU.Build.0 = Release|Any CPU
		{CBFFC7F4-9B08-4B51-AC98-FBF45BFD2E41}.Debug|Any CPU.ActiveCfg = Debug|Any CPU
		{CBFFC7F4-9B08-4B51-AC98-FBF45BFD2E41}.Debug|Any CPU.Build.0 = Debug|Any CPU
		{CBFFC7F4-9B08-4B51-AC98-FBF45BFD2E41}.Release|Any CPU.ActiveCfg = Release|Any CPU
		{CBFFC7F4-9B08-4B51-AC98-FBF45BFD2E41}.Release|Any CPU.Build.0 = Release|Any CPU
	EndGlobalSection
	GlobalSection(SolutionProperties) = preSolution
		HideSolutionNode = FALSE
	EndGlobalSection
	GlobalSection(ExtensibilityGlobals) = postSolution
		SolutionGuid = {39E466B2-D74E-4D75-BDD0-48976A3E4A78}
	EndGlobalSection
EndGlobal
